
Microsoft Visual Studio Solution File, Format Version 12.00
# Visual Studio Version 17
VisualStudioVersion = 17.4.33122.133
MinimumVisualStudioVersion = 10.0.40219.1
Project("{FAE04EC0-301F-11D3-BF4B-00C04F79EFBC}") = "New year app", "New year app\New year app.csproj", "{A70CF00F-6AD3-473B-94FC-F1D4A187CE5A}"
EndProject
Project("{FAE04EC0-301F-11D3-BF4B-00C04F79EFBC}") = "DomainLayer", "DomainLayer\DomainLayer.csproj", "{394D20A8-3B2E-43ED-8D9B-A1158A14E4E3}"
EndProject
Project("{FAE04EC0-301F-11D3-BF4B-00C04F79EFBC}") = "ServiceLayer", "ServiceLayer\ServiceLayer.csproj", "{3C0046AB-5DF4-4EA6-892C-38832EE057DE}"
EndProject
Global
	GlobalSection(SolutionConfigurationPlatforms) = preSolution
		Debug|Any CPU = Debug|Any CPU
		Release|Any CPU = Release|Any CPU
	EndGlobalSection
	GlobalSection(ProjectConfigurationPlatforms) = postSolution
		{A70CF00F-6AD3-473B-94FC-F1D4A187CE5A}.Debug|Any CPU.ActiveCfg = Debug|Any CPU
		{A70CF00F-6AD3-473B-94FC-F1D4A187CE5A}.Debug|Any CPU.Build.0 = Debug|Any CPU
		{A70CF00F-6AD3-473B-94FC-F1D4A187CE5A}.Release|Any CPU.ActiveCfg = Release|Any CPU
		{A70CF00F-6AD3-473B-94FC-F1D4A187CE5A}.Release|Any CPU.Build.0 = Release|Any CPU
		{394D20A8-3B2E-43ED-8D9B-A1158A14E4E3}.Debug|Any CPU.ActiveCfg = Debug|Any CPU
		{394D20A8-3B2E-43ED-8D9B-A1158A14E4E3}.Debug|Any CPU.Build.0 = Debug|Any CPU
		{394D20A8-3B2E-43ED-8D9B-A1158A14E4E3}.Release|Any CPU.ActiveCfg = Release|Any CPU
		{394D20A8-3B2E-43ED-8D9B-A1158A14E4E3}.Release|Any CPU.Build.0 = Release|Any CPU
		{3C0046AB-5DF4-4EA6-892C-38832EE057DE}.Debug|Any CPU.ActiveCfg = Debug|Any CPU
		{3C0046AB-5DF4-4EA6-892C-38832EE057DE}.Debug|Any CPU.Build.0 = Debug|Any CPU
		{3C0046AB-5DF4-4EA6-892C-38832EE057DE}.Release|Any CPU.ActiveCfg = Release|Any CPU
		{3C0046AB-5DF4-4EA6-892C-38832EE057DE}.Release|Any CPU.Build.0 = Release|Any CPU
	EndGlobalSection
	GlobalSection(SolutionProperties) = preSolution
		HideSolutionNode = FALSE
	EndGlobalSection
	GlobalSection(ExtensibilityGlobals) = postSolution
		SolutionGuid = {46B32223-6F79-49AF-BFF4-BDDB25C8D93C}
	EndGlobalSection
EndGlobal
